{
  "name": "tests",
  "version": "0.0.1",
  "lockfileVersion": 3,
  "requires": true,
  "packages": {
    "": {
      "name": "tests",
      "version": "0.0.1",
      "license": "MIT",
      "dependencies": {
        "unity-zxing": "github:shadowmint/unity-zxing"
      }
    },
    "node_modules/unity-zxing": {
      "version": "1.0.0",
      "resolved": "git+ssh://git@github.com/shadowmint/unity-zxing.git#0d4c860923aad781b516bde7067d9171b003ca8d",
      "hasInstallScript": true,
      "license": "MIT"
    }
  }
}
